
Microsoft Visual Studio Solution File, Format Version 12.00
# Visual Studio Version 17
VisualStudioVersion = 17.11.35222.181
MinimumVisualStudioVersion = 10.0.40219.1
Project("{9A19103F-16F7-4668-BE54-9A1E7A4F7556}") = "Практическая 1 Цай", "Практическая 1 Цай\Практическая 1 Цай.csproj", "{AD54345D-F8BE-4C25-A726-D7935D387794}"
EndProject
Project("{9A19103F-16F7-4668-BE54-9A1E7A4F7556}") = "Lib_11", "Lib_11\Lib_11.csproj", "{621DB5E0-53DE-4451-A2B8-029B415396E6}"
EndProject
Project("{FAE04EC0-301F-11D3-BF4B-00C04F79EFBC}") = "Lib_11Mas", "Lib_11Mas\Lib_11Mas.csproj", "{92652CC1-A320-4491-8692-5773E5DBAE90}"
EndProject
Global
	GlobalSection(SolutionConfigurationPlatforms) = preSolution
		Debug|Any CPU = Debug|Any CPU
		Release|Any CPU = Release|Any CPU
	EndGlobalSection
	GlobalSection(ProjectConfigurationPlatforms) = postSolution
		{AD54345D-F8BE-4C25-A726-D7935D387794}.Debug|Any CPU.ActiveCfg = Debug|Any CPU
		{AD54345D-F8BE-4C25-A726-D7935D387794}.Debug|Any CPU.Build.0 = Debug|Any CPU
		{AD54345D-F8BE-4C25-A726-D7935D387794}.Release|Any CPU.ActiveCfg = Release|Any CPU
		{AD54345D-F8BE-4C25-A726-D7935D387794}.Release|Any CPU.Build.0 = Release|Any CPU
		{621DB5E0-53DE-4451-A2B8-029B415396E6}.Debug|Any CPU.ActiveCfg = Debug|Any CPU
		{621DB5E0-53DE-4451-A2B8-029B415396E6}.Debug|Any CPU.Build.0 = Debug|Any CPU
		{621DB5E0-53DE-4451-A2B8-029B415396E6}.Release|Any CPU.ActiveCfg = Release|Any CPU
		{621DB5E0-53DE-4451-A2B8-029B415396E6}.Release|Any CPU.Build.0 = Release|Any CPU
		{92652CC1-A320-4491-8692-5773E5DBAE90}.Debug|Any CPU.ActiveCfg = Debug|Any CPU
		{92652CC1-A320-4491-8692-5773E5DBAE90}.Debug|Any CPU.Build.0 = Debug|Any CPU
		{92652CC1-A320-4491-8692-5773E5DBAE90}.Release|Any CPU.ActiveCfg = Release|Any CPU
		{92652CC1-A320-4491-8692-5773E5DBAE90}.Release|Any CPU.Build.0 = Release|Any CPU
	EndGlobalSection
	GlobalSection(SolutionProperties) = preSolution
		HideSolutionNode = FALSE
	EndGlobalSection
	GlobalSection(ExtensibilityGlobals) = postSolution
		SolutionGuid = {3BFE08F9-B4D1-4386-877D-E0F00C778C46}
	EndGlobalSection
EndGlobal
